
Microsoft Visual Studio Solution File, Format Version 12.00
# Visual Studio Version 17
VisualStudioVersion = 17.8.34330.188
MinimumVisualStudioVersion = 10.0.40219.1
Project("{FAE04EC0-301F-11D3-BF4B-00C04F79EFBC}") = "PicoProg", "PicoProg\PicoProg.csproj", "{060841AD-16E6-40E6-A366-57F5509262A1}"
EndProject
Global
	GlobalSection(SolutionConfigurationPlatforms) = preSolution
		Debug|Any CPU = Debug|Any CPU
		Debug|x86 = Debug|x86
		Release|Any CPU = Release|Any CPU
		Release|x86 = Release|x86
	EndGlobalSection
	GlobalSection(ProjectConfigurationPlatforms) = postSolution
		{060841AD-16E6-40E6-A366-57F5509262A1}.Debug|Any CPU.ActiveCfg = Debug|Any CPU
		{060841AD-16E6-40E6-A366-57F5509262A1}.Debug|Any CPU.Build.0 = Debug|Any CPU
		{060841AD-16E6-40E6-A366-57F5509262A1}.Debug|x86.ActiveCfg = Debug|x86
		{060841AD-16E6-40E6-A366-57F5509262A1}.Debug|x86.Build.0 = Debug|x86
		{060841AD-16E6-40E6-A366-57F5509262A1}.Release|Any CPU.ActiveCfg = Release|Any CPU
		{060841AD-16E6-40E6-A366-57F5509262A1}.Release|Any CPU.Build.0 = Release|Any CPU
		{060841AD-16E6-40E6-A366-57F5509262A1}.Release|x86.ActiveCfg = Release|x86
		{060841AD-16E6-40E6-A366-57F5509262A1}.Release|x86.Build.0 = Release|x86
	EndGlobalSection
	GlobalSection(SolutionProperties) = preSolution
		HideSolutionNode = FALSE
	EndGlobalSection
	GlobalSection(ExtensibilityGlobals) = postSolution
		SolutionGuid = {5CB90C12-49CF-41D1-8C77-FF40AFCD456E}
	EndGlobalSection
EndGlobal
